
Microsoft Visual Studio Solution File, Format Version 12.00
# Visual Studio Version 17
VisualStudioVersion = 17.11.35219.272
MinimumVisualStudioVersion = 10.0.40219.1
Project("{FAE04EC0-301F-11D3-BF4B-00C04F79EFBC}") = "FreyaSDK", "FreyaSDK\FreyaSDK.csproj", "{9E8AA7E0-F60B-4413-807D-2C9264C4447B}"
EndProject
Global
	GlobalSection(SolutionConfigurationPlatforms) = preSolution
		Debug|Any CPU = Debug|Any CPU
		Release|Any CPU = Release|Any CPU
	EndGlobalSection
	GlobalSection(ProjectConfigurationPlatforms) = postSolution
		{9E8AA7E0-F60B-4413-807D-2C9264C4447B}.Debug|Any CPU.ActiveCfg = Debug|Any CPU
		{9E8AA7E0-F60B-4413-807D-2C9264C4447B}.Debug|Any CPU.Build.0 = Debug|Any CPU
		{9E8AA7E0-F60B-4413-807D-2C9264C4447B}.Release|Any CPU.ActiveCfg = Release|Any CPU
		{9E8AA7E0-F60B-4413-807D-2C9264C4447B}.Release|Any CPU.Build.0 = Release|Any CPU
	EndGlobalSection
	GlobalSection(SolutionProperties) = preSolution
		HideSolutionNode = FALSE
	EndGlobalSection
	GlobalSection(ExtensibilityGlobals) = postSolution
		SolutionGuid = {99FB429C-EEBD-4C97-8F22-7A8612943AC7}
	EndGlobalSection
EndGlobal
